Microsoft Visual Studio Solution File, Format Version 12.00
# Visual Studio Version 17
VisualStudioVersion = 17.5.2.0
MinimumVisualStudioVersion = 10.0.40219.1
Project("{FAE04EC0-301F-11D3-BF4B-00C04F79EFBC}") = "cinelite", "cinelite.csproj", "{D1837EA4-0E2E-4EB4-EBA0-02649EB39751}"
EndProject
Global
	GlobalSection(SolutionConfigurationPlatforms) = preSolution
		Debug|Any CPU = Debug|Any CPU
		Release|Any CPU = Release|Any CPU
	EndGlobalSection
	GlobalSection(ProjectConfigurationPlatforms) = postSolution
		{D1837EA4-0E2E-4EB4-EBA0-02649EB39751}.Debug|Any CPU.ActiveCfg = Debug|Any CPU
		{D1837EA4-0E2E-4EB4-EBA0-02649EB39751}.Debug|Any CPU.Build.0 = Debug|Any CPU
		{D1837EA4-0E2E-4EB4-EBA0-02649EB39751}.Release|Any CPU.ActiveCfg = Release|Any CPU
		{D1837EA4-0E2E-4EB4-EBA0-02649EB39751}.Release|Any CPU.Build.0 = Release|Any CPU
	EndGlobalSection
	GlobalSection(SolutionProperties) = preSolution
		HideSolutionNode = FALSE
	EndGlobalSection
	GlobalSection(ExtensibilityGlobals) = postSolution
		SolutionGuid = {F22204DA-47A2-4DC7-9ADA-E2232456344D}
	EndGlobalSection
EndGlobal
